
Microsoft Visual Studio Solution File, Format Version 12.00
# Visual Studio 15
VisualStudioVersion = 15.0.28010.2048
MinimumVisualStudioVersion = 10.0.40219.1
Project("{FAE04EC0-301F-11D3-BF4B-00C04F79EFBC}") = "WebService", "WebService\WebService.csproj", "{47E112DC-5A26-4245-BCC6-AD9EDB27662C}"
EndProject
Project("{FAE04EC0-301F-11D3-BF4B-00C04F79EFBC}") = "WebClient", "WebClient\WebClient.csproj", "{F7577AC5-7004-4A14-B6C0-0EA8C6B5CEF6}"
EndProject
Global
	GlobalSection(SolutionConfigurationPlatforms) = preSolution
		Debug|Any CPU = Debug|Any CPU
		Release|Any CPU = Release|Any CPU
	EndGlobalSection
	GlobalSection(ProjectConfigurationPlatforms) = postSolution
		{47E112DC-5A26-4245-BCC6-AD9EDB27662C}.Debug|Any CPU.ActiveCfg = Debug|Any CPU
		{47E112DC-5A26-4245-BCC6-AD9EDB27662C}.Debug|Any CPU.Build.0 = Debug|Any CPU
		{47E112DC-5A26-4245-BCC6-AD9EDB27662C}.Release|Any CPU.ActiveCfg = Release|Any CPU
		{47E112DC-5A26-4245-BCC6-AD9EDB27662C}.Release|Any CPU.Build.0 = Release|Any CPU
		{F7577AC5-7004-4A14-B6C0-0EA8C6B5CEF6}.Debug|Any CPU.ActiveCfg = Debug|Any CPU
		{F7577AC5-7004-4A14-B6C0-0EA8C6B5CEF6}.Debug|Any CPU.Build.0 = Debug|Any CPU
		{F7577AC5-7004-4A14-B6C0-0EA8C6B5CEF6}.Release|Any CPU.ActiveCfg = Release|Any CPU
		{F7577AC5-7004-4A14-B6C0-0EA8C6B5CEF6}.Release|Any CPU.Build.0 = Release|Any CPU
	EndGlobalSection
	GlobalSection(SolutionProperties) = preSolution
		HideSolutionNode = FALSE
	EndGlobalSection
	GlobalSection(ExtensibilityGlobals) = postSolution
		SolutionGuid = {097E86A9-BDE5-4D59-8C53-30E9CF3F1D08}
	EndGlobalSection
EndGlobal
